// !$*UTF8*$!
{
	archiveVersion = 1;
	classes = {
	};
	objectVersion = 56;
	objects = {

/* Begin PBXBuildFile section */
		632339AE2B75C049001004EF /* ScrumdingerApp.swift in Sources */ = {isa = PBXBuildFile; fileRef = 632339AD2B75C049001004EF /* ScrumdingerApp.swift */; };
		632339B02B75C049001004EF /* MeetingView.swift in Sources */ = {isa = PBXBuildFile; fileRef = 632339AF2B75C049001004EF /* MeetingView.swift */; };
		632339B52B75C04B001004EF /* Preview Assets.xcassets in Resources */ = {isa = PBXBuildFile; fileRef = 632339B42B75C04B001004EF /* Preview Assets.xcassets */; };
		632339BF2B75C04B001004EF /* ScrumdingerTests.swift in Sources */ = {isa = PBXBuildFile; fileRef = 632339BE2B75C04B001004EF /* ScrumdingerTests.swift */; };
		632339C92B75C04B001004EF /* ScrumdingerUITests.swift in Sources */ = {isa = PBXBuildFile; fileRef = 632339C82B75C04B001004EF /* ScrumdingerUITests.swift */; };
		632339CB2B75C04B001004EF /* ScrumdingerUITestsLaunchTests.swift in Sources */ = {isa = PBXBuildFile; fileRef = 632339CA2B75C04B001004EF /* ScrumdingerUITestsLaunchTests.swift */; };
		632339D92B75C79E001004EF /* Theme.swift in Sources */ = {isa = PBXBuildFile; fileRef = 632339D82B75C79E001004EF /* Theme.swift */; };
		632339DB2B75C833001004EF /* Assets.xcassets in Resources */ = {isa = PBXBuildFile; fileRef = 632339DA2B75C833001004EF /* Assets.xcassets */; };
		632339DD2B75C8FC001004EF /* DailyScrum.swift in Sources */ = {isa = PBXBuildFile; fileRef = 632339DC2B75C8FC001004EF /* DailyScrum.swift */; };
		632339DF2B75C9CA001004EF /* CardView.swift in Sources */ = {isa = PBXBuildFile; fileRef = 632339DE2B75C9CA001004EF /* CardView.swift */; };
		632339E12B75D36D001004EF /* TrailingIconLabelStyle.swift in Sources */ = {isa = PBXBuildFile; fileRef = 632339E02B75D36D001004EF /* TrailingIconLabelStyle.swift */; };
		632339E32B75D758001004EF /* ScrumsView.swift in Sources */ = {isa = PBXBuildFile; fileRef = 632339E22B75D758001004EF /* ScrumsView.swift */; };
		632339E52B75DD7C001004EF /* DetailView.swift in Sources */ = {isa = PBXBuildFile; fileRef = 632339E42B75DD7C001004EF /* DetailView.swift */; };
		632339E72B75E6CC001004EF /* DetailEditView.swift in Sources */ = {isa = PBXBuildFile; fileRef = 632339E62B75E6CC001004EF /* DetailEditView.swift */; };
		632339E92B75F0FF001004EF /* ThemeView.swift in Sources */ = {isa = PBXBuildFile; fileRef = 632339E82B75F0FF001004EF /* ThemeView.swift */; };
		632339EB2B75F29A001004EF /* ThemePicker.swift in Sources */ = {isa = PBXBuildFile; fileRef = 632339EA2B75F29A001004EF /* ThemePicker.swift */; };
		632339ED2B768382001004EF /* MeetingHeaderView.swift in Sources */ = {isa = PBXBuildFile; fileRef = 632339EC2B768382001004EF /* MeetingHeaderView.swift */; };
		632339F12B7686B1001004EF /* ding.wav in Resources */ = {isa = PBXBuildFile; fileRef = 632339F02B7686B1001004EF /* ding.wav */; };
		632339F32B7686D1001004EF /* AVPlayer+Ding.swift in Sources */ = {isa = PBXBuildFile; fileRef = 632339F22B7686D0001004EF /* AVPlayer+Ding.swift */; };
		632339F52B7686D7001004EF /* ScrumTimer.swift in Sources */ = {isa = PBXBuildFile; fileRef = 632339F42B7686D7001004EF /* ScrumTimer.swift */; };
		632339F72B76875F001004EF /* ScrumProgressViewStyle.swift in Sources */ = {isa = PBXBuildFile; fileRef = 632339F62B76875F001004EF /* ScrumProgressViewStyle.swift */; };
		632339F92B768AEF001004EF /* MeetingFooterView.swift in Sources */ = {isa = PBXBuildFile; fileRef = 632339F82B768AEF001004EF /* MeetingFooterView.swift */; };
		63CF15532B7750F000D68E50 /* MeetingTimerView.swift in Sources */ = {isa = PBXBuildFile; fileRef = 63CF15522B7750F000D68E50 /* MeetingTimerView.swift */; };
		63CF15552B77539800D68E50 /* SpeakerArc.swift in Sources */ = {isa = PBXBuildFile; fileRef = 63CF15542B77539800D68E50 /* SpeakerArc.swift */; };
		63EBCDD92B772EDF00420195 /* NewScrumSheet.swift in Sources */ = {isa = PBXBuildFile; fileRef = 63EBCDD82B772EDF00420195 /* NewScrumSheet.swift */; };
		63EBCDDB2B7733D200420195 /* EditScrumSheet.swift in Sources */ = {isa = PBXBuildFile; fileRef = 63EBCDDA2B7733D200420195 /* EditScrumSheet.swift */; };
		63EBCDDD2B7737CE00420195 /* History.swift in Sources */ = {isa = PBXBuildFile; fileRef = 63EBCDDC2B7737CE00420195 /* History.swift */; };
		63EBCDDF2B773EF800420195 /* ScrumStore.swift in Sources */ = {isa = PBXBuildFile; fileRef = 63EBCDDE2B773EF700420195 /* ScrumStore.swift */; };
		63EBCDE12B77490400420195 /* ErrorWrapper.swift in Sources */ = {isa = PBXBuildFile; fileRef = 63EBCDE02B77490400420195 /* ErrorWrapper.swift */; };
		63EBCDE32B7749DD00420195 /* ErrorView.swift in Sources */ = {isa = PBXBuildFile; fileRef = 63EBCDE22B7749DD00420195 /* ErrorView.swift */; };
/* End PBXBuildFile section */

/* Begin PBXContainerItemProxy section */
		632339BB2B75C04B001004EF /* PBXContainerItemProxy */ = {
			isa = PBXContainerItemProxy;
			containerPortal = 632339A22B75C049001004EF /* Project object */;
			proxyType = 1;
			remoteGlobalIDString = 632339A92B75C049001004EF;
			remoteInfo = Scrumdinger;
		};
		632339C52B75C04B001004EF /* PBXContainerItemProxy */ = {
			isa = PBXContainerItemProxy;
			containerPortal = 632339A22B75C049001004EF /* Project object */;
			proxyType = 1;
			remoteGlobalIDString = 632339A92B75C049001004EF;
			remoteInfo = Scrumdinger;
		};
/* End PBXContainerItemProxy section */

/* Begin PBXFileReference section */
		632339AA2B75C049001004EF /* Scrumdinger.app */ = {isa = PBXFileReference; explicitFileType = wrapper.application; includeInIndex = 0; path = Scrumdinger.app; sourceTree = BUILT_PRODUCTS_DIR; };
		632339AD2B75C049001004EF /* ScrumdingerApp.swift */ = {isa = PBXFileReference; lastKnownFileType = sourcecode.swift; path = ScrumdingerApp.swift; sourceTree = "<group>"; };
		632339AF2B75C049001004EF /* MeetingView.swift */ = {isa = PBXFileReference; lastKnownFileType = sourcecode.swift; path = MeetingView.swift; sourceTree = "<group>"; };
		632339B42B75C04B001004EF /* Preview Assets.xcassets */ = {isa = PBXFileReference; lastKnownFileType = folder.assetcatalog; path = "Preview Assets.xcassets"; sourceTree = "<group>"; };
		632339BA2B75C04B001004EF /* ScrumdingerTests.xctest */ = {isa = PBXFileReference; explicitFileType = wrapper.cfbundle; includeInIndex = 0; path = ScrumdingerTests.xctest; sourceTree = BUILT_PRODUCTS_DIR; };
		632339BE2B75C04B001004EF /* ScrumdingerTests.swift */ = {isa = PBXFileReference; lastKnownFileType = sourcecode.swift; path = ScrumdingerTests.swift; sourceTree = "<group>"; };
		632339C42B75C04B001004EF /* ScrumdingerUITests.xctest */ = {isa = PBXFileReference; explicitFileType = wrapper.cfbundle; includeInIndex = 0; path = ScrumdingerUITests.xctest; sourceTree = BUILT_PRODUCTS_DIR; };
		632339C82B75C04B001004EF /* ScrumdingerUITests.swift */ = {isa = PBXFileReference; lastKnownFileType = sourcecode.swift; path = ScrumdingerUITests.swift; sourceTree = "<group>"; };
		632339CA2B75C04B001004EF /* ScrumdingerUITestsLaunchTests.swift */ = {isa = PBXFileReference; lastKnownFileType = sourcecode.swift; path = ScrumdingerUITestsLaunchTests.swift; sourceTree = "<group>"; };
		632339D82B75C79E001004EF /* Theme.swift */ = {isa = PBXFileReference; lastKnownFileType = sourcecode.swift; path = Theme.swift; sourceTree = "<group>"; };
		632339DA2B75C833001004EF /* Assets.xcassets */ = {isa = PBXFileReference; lastKnownFileType = folder.assetcatalog; name = Assets.xcassets; path = ../../../../Downloads/CreatingACardView/StartingProject/Scrumdinger/Assets.xcassets; sourceTree = "<group>"; };
		632339DC2B75C8FC001004EF /* DailyScrum.swift */ = {isa = PBXFileReference; lastKnownFileType = sourcecode.swift; path = DailyScrum.swift; sourceTree = "<group>"; };
		632339DE2B75C9CA001004EF /* CardView.swift */ = {isa = PBXFileReference; lastKnownFileType = sourcecode.swift; path = CardView.swift; sourceTree = "<group>"; };
		632339E02B75D36D001004EF /* TrailingIconLabelStyle.swift */ = {isa = PBXFileReference; lastKnownFileType = sourcecode.swift; path = TrailingIconLabelStyle.swift; sourceTree = "<group>"; };
		632339E22B75D758001004EF /* ScrumsView.swift */ = {isa = PBXFileReference; lastKnownFileType = sourcecode.swift; path = ScrumsView.swift; sourceTree = "<group>"; };
		632339E42B75DD7C001004EF /* DetailView.swift */ = {isa = PBXFileReference; lastKnownFileType = sourcecode.swift; path = DetailView.swift; sourceTree = "<group>"; };
		632339E62B75E6CC001004EF /* DetailEditView.swift */ = {isa = PBXFileReference; lastKnownFileType = sourcecode.swift; path = DetailEditView.swift; sourceTree = "<group>"; };
		632339E82B75F0FF001004EF /* ThemeView.swift */ = {isa = PBXFileReference; lastKnownFileType = sourcecode.swift; path = ThemeView.swift; sourceTree = "<group>"; };
		632339EA2B75F29A001004EF /* ThemePicker.swift */ = {isa = PBXFileReference; lastKnownFileType = sourcecode.swift; path = ThemePicker.swift; sourceTree = "<group>"; };
		632339EC2B768382001004EF /* MeetingHeaderView.swift */ = {isa = PBXFileReference; lastKnownFileType = sourcecode.swift; path = MeetingHeaderView.swift; sourceTree = "<group>"; };
		632339F02B7686B1001004EF /* ding.wav */ = {isa = PBXFileReference; lastKnownFileType = audio.wav; path = ding.wav; sourceTree = "<group>"; };
		632339F22B7686D0001004EF /* AVPlayer+Ding.swift */ = {isa = PBXFileReference; fileEncoding = 4; lastKnownFileType = sourcecode.swift; path = "AVPlayer+Ding.swift"; sourceTree = "<group>"; };
		632339F42B7686D7001004EF /* ScrumTimer.swift */ = {isa = PBXFileReference; fileEncoding = 4; lastKnownFileType = sourcecode.swift; path = ScrumTimer.swift; sourceTree = "<group>"; };
		632339F62B76875F001004EF /* ScrumProgressViewStyle.swift */ = {isa = PBXFileReference; fileEncoding = 4; lastKnownFileType = sourcecode.swift; path = ScrumProgressViewStyle.swift; sourceTree = "<group>"; };
		632339F82B768AEF001004EF /* MeetingFooterView.swift */ = {isa = PBXFileReference; lastKnownFileType = sourcecode.swift; path = MeetingFooterView.swift; sourceTree = "<group>"; };
		63CF15522B7750F000D68E50 /* MeetingTimerView.swift */ = {isa = PBXFileReference; lastKnownFileType = sourcecode.swift; path = MeetingTimerView.swift; sourceTree = "<group>"; };
		63CF15542B77539800D68E50 /* SpeakerArc.swift */ = {isa = PBXFileReference; lastKnownFileType = sourcecode.swift; path = SpeakerArc.swift; sourceTree = "<group>"; };
		63EBCDD82B772EDF00420195 /* NewScrumSheet.swift */ = {isa = PBXFileReference; lastKnownFileType = sourcecode.swift; path = NewScrumSheet.swift; sourceTree = "<group>"; };
		63EBCDDA2B7733D200420195 /* EditScrumSheet.swift */ = {isa = PBXFileReference; lastKnownFileType = sourcecode.swift; path = EditScrumSheet.swift; sourceTree = "<group>"; };
		63EBCDDC2B7737CE00420195 /* History.swift */ = {isa = PBXFileReference; lastKnownFileType = sourcecode.swift; path = History.swift; sourceTree = "<group>"; };
		63EBCDDE2B773EF700420195 /* ScrumStore.swift */ = {isa = PBXFileReference; lastKnownFileType = sourcecode.swift; path = ScrumStore.swift; sourceTree = "<group>"; };
		63EBCDE02B77490400420195 /* ErrorWrapper.swift */ = {isa = PBXFileReference; lastKnownFileType = sourcecode.swift; path = ErrorWrapper.swift; sourceTree = "<group>"; };
		63EBCDE22B7749DD00420195 /* ErrorView.swift */ = {isa = PBXFileReference; lastKnownFileType = sourcecode.swift; path = ErrorView.swift; sourceTree = "<group>"; };
/* End PBXFileReference section */

/* Begin PBXFrameworksBuildPhase section */
		632339A72B75C049001004EF /* Frameworks */ = {
			isa = PBXFrameworksBuildPhase;
			buildActionMask = 2147483647;
			files = (
			);
			runOnlyForDeploymentPostprocessing = 0;
		};
		632339B72B75C04B001004EF /* Frameworks */ = {
			isa = PBXFrameworksBuildPhase;
			buildActionMask = 2147483647;
			files = (
			);
			runOnlyForDeploymentPostprocessing = 0;
		};
		632339C12B75C04B001004EF /* Frameworks */ = {
			isa = PBXFrameworksBuildPhase;
			buildActionMask = 2147483647;
			files = (
			);
			runOnlyForDeploymentPostprocessing = 0;
		};
/* End PBXFrameworksBuildPhase section */

/* Begin PBXGroup section */
		632339A12B75C049001004EF = {
			isa = PBXGroup;
			children = (
				632339AC2B75C049001004EF /* Scrumdinger */,
				632339BD2B75C04B001004EF /* ScrumdingerTests */,
				632339C72B75C04B001004EF /* ScrumdingerUITests */,
				632339AB2B75C049001004EF /* Products */,
			);
			sourceTree = "<group>";
		};
		632339AB2B75C049001004EF /* Products */ = {
			isa = PBXGroup;
			children = (
				632339AA2B75C049001004EF /* Scrumdinger.app */,
				632339BA2B75C04B001004EF /* ScrumdingerTests.xctest */,
				632339C42B75C04B001004EF /* ScrumdingerUITests.xctest */,
			);
			name = Products;
			sourceTree = "<group>";
		};
		632339AC2B75C049001004EF /* Scrumdinger */ = {
			isa = PBXGroup;
			children = (
				632339EF2B7686B1001004EF /* Resources */,
				632339EE2B768635001004EF /* Views */,
				632339DA2B75C833001004EF /* Assets.xcassets */,
				632339D72B75C780001004EF /* models */,
				632339AD2B75C049001004EF /* ScrumdingerApp.swift */,
				632339B32B75C04B001004EF /* Preview Content */,
			);
			path = Scrumdinger;
			sourceTree = "<group>";
		};
		632339B32B75C04B001004EF /* Preview Content */ = {
			isa = PBXGroup;
			children = (
				632339B42B75C04B001004EF /* Preview Assets.xcassets */,
			);
			path = "Preview Content";
			sourceTree = "<group>";
		};
		632339BD2B75C04B001004EF /* ScrumdingerTests */ = {
			isa = PBXGroup;
			children = (
				632339BE2B75C04B001004EF /* ScrumdingerTests.swift */,
			);
			path = ScrumdingerTests;
			sourceTree = "<group>";
		};
		632339C72B75C04B001004EF /* ScrumdingerUITests */ = {
			isa = PBXGroup;
			children = (
				632339C82B75C04B001004EF /* ScrumdingerUITests.swift */,
				632339CA2B75C04B001004EF /* ScrumdingerUITestsLaunchTests.swift */,
			);
			path = ScrumdingerUITests;
			sourceTree = "<group>";
		};
		632339D72B75C780001004EF /* models */ = {
			isa = PBXGroup;
			children = (
				632339F22B7686D0001004EF /* AVPlayer+Ding.swift */,
				632339F42B7686D7001004EF /* ScrumTimer.swift */,
				632339D82B75C79E001004EF /* Theme.swift */,
				632339DC2B75C8FC001004EF /* DailyScrum.swift */,
				63EBCDDC2B7737CE00420195 /* History.swift */,
				63EBCDDE2B773EF700420195 /* ScrumStore.swift */,
				63EBCDE02B77490400420195 /* ErrorWrapper.swift */,
			);
			path = models;
			sourceTree = "<group>";
		};
		632339EE2B768635001004EF /* Views */ = {
			isa = PBXGroup;
			children = (
				632339AF2B75C049001004EF /* MeetingView.swift */,
				632339DE2B75C9CA001004EF /* CardView.swift */,
				632339F62B76875F001004EF /* ScrumProgressViewStyle.swift */,
				632339E02B75D36D001004EF /* TrailingIconLabelStyle.swift */,
				632339E22B75D758001004EF /* ScrumsView.swift */,
				632339E42B75DD7C001004EF /* DetailView.swift */,
				632339E62B75E6CC001004EF /* DetailEditView.swift */,
				632339E82B75F0FF001004EF /* ThemeView.swift */,
				632339EA2B75F29A001004EF /* ThemePicker.swift */,
				632339EC2B768382001004EF /* MeetingHeaderView.swift */,
				632339F82B768AEF001004EF /* MeetingFooterView.swift */,
				63EBCDD82B772EDF00420195 /* NewScrumSheet.swift */,
				63EBCDDA2B7733D200420195 /* EditScrumSheet.swift */,
				63EBCDE22B7749DD00420195 /* ErrorView.swift */,
				63CF15522B7750F000D68E50 /* MeetingTimerView.swift */,
				63CF15542B77539800D68E50 /* SpeakerArc.swift */,
			);
			path = Views;
			sourceTree = "<group>";
		};
		632339EF2B7686B1001004EF /* Resources */ = {
			isa = PBXGroup;
			children = (
				632339F02B7686B1001004EF /* ding.wav */,
			);
			path = Resources;
			sourceTree = "<group>";
		};
/* End PBXGroup section */

/* Begin PBXNativeTarget section */
		632339A92B75C049001004EF /* Scrumdinger */ = {
			isa = PBXNativeTarget;
			buildConfigurationList = 632339CE2B75C04B001004EF /* Build configuration list for PBXNativeTarget "Scrumdinger" */;
			buildPhases = (
				632339A62B75C049001004EF /* Sources */,
				632339A72B75C049001004EF /* Frameworks */,
				632339A82B75C049001004EF /* Resources */,
			);
			buildRules = (
			);
			dependencies = (
			);
			name = Scrumdinger;
			productName = Scrumdinger;
			productReference = 632339AA2B75C049001004EF /* Scrumdinger.app */;
			productType = "com.apple.product-type.application";
		};
		632339B92B75C04B001004EF /* ScrumdingerTests */ = {
			isa = PBXNativeTarget;
			buildConfigurationList = 632339D12B75C04B001004EF /* Build configuration list for PBXNativeTarget "ScrumdingerTests" */;
			buildPhases = (
				632339B62B75C04B001004EF /* Sources */,
				632339B72B75C04B001004EF /* Frameworks */,
				632339B82B75C04B001004EF /* Resources */,
			);
			buildRules = (
			);
			dependencies = (
				632339BC2B75C04B001004EF /* PBXTargetDependency */,
			);
			name = ScrumdingerTests;
			productName = ScrumdingerTests;
			productReference = 632339BA2B75C04B001004EF /* ScrumdingerTests.xctest */;
			productType = "com.apple.product-type.bundle.unit-test";
		};
		632339C32B75C04B001004EF /* ScrumdingerUITests */ = {
			isa = PBXNativeTarget;
			buildConfigurationList = 632339D42B75C04B001004EF /* Build configuration list for PBXNativeTarget "ScrumdingerUITests" */;
			buildPhases = (
				632339C02B75C04B001004EF /* Sources */,
				632339C12B75C04B001004EF /* Frameworks */,
				632339C22B75C04B001004EF /* Resources */,
			);
			buildRules = (
			);
			dependencies = (
				632339C62B75C04B001004EF /* PBXTargetDependency */,
			);
			name = ScrumdingerUITests;
			productName = ScrumdingerUITests;
			productReference = 632339C42B75C04B001004EF /* ScrumdingerUITests.xctest */;
			productType = "com.apple.product-type.bundle.ui-testing";
		};
/* End PBXNativeTarget section */

/* Begin PBXProject section */
		632339A22B75C049001004EF /* Project object */ = {
			isa = PBXProject;
			attributes = {
				BuildIndependentTargetsInParallel = 1;
				LastSwiftUpdateCheck = 1420;
				LastUpgradeCheck = 1420;
				TargetAttributes = {
					632339A92B75C049001004EF = {
						CreatedOnToolsVersion = 14.2;
					};
					632339B92B75C04B001004EF = {
						CreatedOnToolsVersion = 14.2;
						TestTargetID = 632339A92B75C049001004EF;
					};
					632339C32B75C04B001004EF = {
						CreatedOnToolsVersion = 14.2;
						TestTargetID = 632339A92B75C049001004EF;
					};
				};
			};
			buildConfigurationList = 632339A52B75C049001004EF /* Build configuration list for PBXProject "Scrumdinger" */;
			compatibilityVersion = "Xcode 14.0";
			developmentRegion = en;
			hasScannedForEncodings = 0;
			knownRegions = (
				en,
				Base,
			);
			mainGroup = 632339A12B75C049001004EF;
			productRefGroup = 632339AB2B75C049001004EF /* Products */;
			projectDirPath = "";
			projectRoot = "";
			targets = (
				632339A92B75C049001004EF /* Scrumdinger */,
				632339B92B75C04B001004EF /* ScrumdingerTests */,
				632339C32B75C04B001004EF /* ScrumdingerUITests */,
			);
		};
/* End PBXProject section */

/* Begin PBXResourcesBuildPhase section */
		632339A82B75C049001004EF /* Resources */ = {
			isa = PBXResourcesBuildPhase;
			buildActionMask = 2147483647;
			files = (
				632339F12B7686B1001004EF /* ding.wav in Resources */,
				632339B52B75C04B001004EF /* Preview Assets.xcassets in Resources */,
				632339DB2B75C833001004EF /* Assets.xcassets in Resources */,
			);
			runOnlyForDeploymentPostprocessing = 0;
		};
		632339B82B75C04B001004EF /* Resources */ = {
			isa = PBXResourcesBuildPhase;
			buildActionMask = 2147483647;
			files = (
			);
			runOnlyForDeploymentPostprocessing = 0;
		};
		632339C22B75C04B001004EF /* Resources */ = {
			isa = PBXResourcesBuildPhase;
			buildActionMask = 2147483647;
			files = (
			);
			runOnlyForDeploymentPostprocessing = 0;
		};
/* End PBXResourcesBuildPhase section */

/* Begin PBXSourcesBuildPhase section */
		632339A62B75C049001004EF /* Sources */ = {
			isa = PBXSourcesBuildPhase;
			buildActionMask = 2147483647;
			files = (
				632339EB2B75F29A001004EF /* ThemePicker.swift in Sources */,
				632339DD2B75C8FC001004EF /* DailyScrum.swift in Sources */,
				63EBCDDF2B773EF800420195 /* ScrumStore.swift in Sources */,
				63EBCDDD2B7737CE00420195 /* History.swift in Sources */,
				632339F52B7686D7001004EF /* ScrumTimer.swift in Sources */,
				632339E52B75DD7C001004EF /* DetailView.swift in Sources */,
				632339F32B7686D1001004EF /* AVPlayer+Ding.swift in Sources */,
				632339F92B768AEF001004EF /* MeetingFooterView.swift in Sources */,
				632339ED2B768382001004EF /* MeetingHeaderView.swift in Sources */,
				632339E72B75E6CC001004EF /* DetailEditView.swift in Sources */,
				63EBCDDB2B7733D200420195 /* EditScrumSheet.swift in Sources */,
				63EBCDD92B772EDF00420195 /* NewScrumSheet.swift in Sources */,
				63CF15552B77539800D68E50 /* SpeakerArc.swift in Sources */,
				632339E12B75D36D001004EF /* TrailingIconLabelStyle.swift in Sources */,
				632339F72B76875F001004EF /* ScrumProgressViewStyle.swift in Sources */,
				63CF15532B7750F000D68E50 /* MeetingTimerView.swift in Sources */,
				632339D92B75C79E001004EF /* Theme.swift in Sources */,
				63EBCDE12B77490400420195 /* ErrorWrapper.swift in Sources */,
				632339E32B75D758001004EF /* ScrumsView.swift in Sources */,
				632339B02B75C049001004EF /* MeetingView.swift in Sources */,
				632339AE2B75C049001004EF /* ScrumdingerApp.swift in Sources */,
				632339E92B75F0FF001004EF /* ThemeView.swift in Sources */,
				632339DF2B75C9CA001004EF /* CardView.swift in Sources */,
				63EBCDE32B7749DD00420195 /* ErrorView.swift in Sources */,
			);
			runOnlyForDeploymentPostprocessing = 0;
		};
		632339B62B75C04B001004EF /* Sources */ = {
			isa = PBXSourcesBuildPhase;
			buildActionMask = 2147483647;
			files = (
				632339BF2B75C04B001004EF /* ScrumdingerTests.swift in Sources */,
			);
			runOnlyForDeploymentPostprocessing = 0;
		};
		632339C02B75C04B001004EF /* Sources */ = {
			isa = PBXSourcesBuildPhase;
			buildActionMask = 2147483647;
			files = (
				632339CB2B75C04B001004EF /* ScrumdingerUITestsLaunchTests.swift in Sources */,
				632339C92B75C04B001004EF /* ScrumdingerUITests.swift in Sources */,
			);
			runOnlyForDeploymentPostprocessing = 0;
		};
/* End PBXSourcesBuildPhase section */

/* Begin PBXTargetDependency section */
		632339BC2B75C04B001004EF /* PBXTargetDependency */ = {
			isa = PBXTargetDependency;
			target = 632339A92B75C049001004EF /* Scrumdinger */;
			targetProxy = 632339BB2B75C04B001004EF /* PBXContainerItemProxy */;
		};
		632339C62B75C04B001004EF /* PBXTargetDependency */ = {
			isa = PBXTargetDependency;
			target = 632339A92B75C049001004EF /* Scrumdinger */;
			targetProxy = 632339C52B75C04B001004EF /* PBXContainerItemProxy */;
		};
/* End PBXTargetDependency section */

/* Begin XCBuildConfiguration section */
		632339CC2B75C04B001004EF /* Debug */ = {
			isa = XCBuildConfiguration;
			buildSettings = {
				ALWAYS_SEARCH_USER_PATHS = NO;
				CLANG_ANALYZER_NONNULL = YES;
				CLANG_ANALYZER_NUMBER_OBJECT_CONVERSION = YES_AGGRESSIVE;
				CLANG_CXX_LANGUAGE_STANDARD = "gnu++20";
				CLANG_ENABLE_MODULES = YES;
				CLANG_ENABLE_OBJC_ARC = YES;
				CLANG_ENABLE_OBJC_WEAK = YES;
				CLANG_WARN_BLOCK_CAPTURE_AUTORELEASING = YES;
				CLANG_WARN_BOOL_CONVERSION = YES;
				CLANG_WARN_COMMA = YES;
				CLANG_WARN_CONSTANT_CONVERSION = YES;
				CLANG_WARN_DEPRECATED_OBJC_IMPLEMENTATIONS = YES;
				CLANG_WARN_DIRECT_OBJC_ISA_USAGE = YES_ERROR;
				CLANG_WARN_DOCUMENTATION_COMMENTS = YES;
				CLANG_WARN_EMPTY_BODY = YES;
				CLANG_WARN_ENUM_CONVERSION = YES;
				CLANG_WARN_INFINITE_RECURSION = YES;
				CLANG_WARN_INT_CONVERSION = YES;
				CLANG_WARN_NON_LITERAL_NULL_CONVERSION = YES;
				CLANG_WARN_OBJC_IMPLICIT_RETAIN_SELF = YES;
				CLANG_WARN_OBJC_LITERAL_CONVERSION = YES;
				CLANG_WARN_OBJC_ROOT_CLASS = YES_ERROR;
				CLANG_WARN_QUOTED_INCLUDE_IN_FRAMEWORK_HEADER = YES;
				CLANG_WARN_RANGE_LOOP_ANALYSIS = YES;
				CLANG_WARN_STRICT_PROTOTYPES = YES;
				CLANG_WARN_SUSPICIOUS_MOVE = YES;
				CLANG_WARN_UNGUARDED_AVAILABILITY = YES_AGGRESSIVE;
				CLANG_WARN_UNREACHABLE_CODE = YES;
				CLANG_WARN__DUPLICATE_METHOD_MATCH = YES;
				COPY_PHASE_STRIP = NO;
				DEBUG_INFORMATION_FORMAT = dwarf;
				ENABLE_STRICT_OBJC_MSGSEND = YES;
				ENABLE_TESTABILITY = YES;
				GCC_C_LANGUAGE_STANDARD = gnu11;
				GCC_DYNAMIC_NO_PIC = NO;
				GCC_NO_COMMON_BLOCKS = YES;
				GCC_OPTIMIZATION_LEVEL = 0;
				GCC_PREPROCESSOR_DEFINITIONS = (
					"DEBUG=1",
					"$(inherited)",
				);
				GCC_WARN_64_TO_32_BIT_CONVERSION = YES;
				GCC_WARN_ABOUT_RETURN_TYPE = YES_ERROR;
				GCC_WARN_UNDECLARED_SELECTOR = YES;
				GCC_WARN_UNINITIALIZED_AUTOS = YES_AGGRESSIVE;
				GCC_WARN_UNUSED_FUNCTION = YES;
				GCC_WARN_UNUSED_VARIABLE = YES;
				IPHONEOS_DEPLOYMENT_TARGET = 16.2;
				MTL_ENABLE_DEBUG_INFO = INCLUDE_SOURCE;
				MTL_FAST_MATH = YES;
				ONLY_ACTIVE_ARCH = YES;
				SDKROOT = iphoneos;
				SWIFT_ACTIVE_COMPILATION_CONDITIONS = DEBUG;
				SWIFT_OPTIMIZATION_LEVEL = "-Onone";
			};
			name = Debug;
		};
		632339CD2B75C04B001004EF /* Release */ = {
			isa = XCBuildConfiguration;
			buildSettings = {
				ALWAYS_SEARCH_USER_PATHS = NO;
				CLANG_ANALYZER_NONNULL = YES;
				CLANG_ANALYZER_NUMBER_OBJECT_CONVERSION = YES_AGGRESSIVE;
				CLANG_CXX_LANGUAGE_STANDARD = "gnu++20";
				CLANG_ENABLE_MODULES = YES;
				CLANG_ENABLE_OBJC_ARC = YES;
				CLANG_ENABLE_OBJC_WEAK = YES;
				CLANG_WARN_BLOCK_CAPTURE_AUTORELEASING = YES;
				CLANG_WARN_BOOL_CONVERSION = YES;
				CLANG_WARN_COMMA = YES;
				CLANG_WARN_CONSTANT_CONVERSION = YES;
				CLANG_WARN_DEPRECATED_OBJC_IMPLEMENTATIONS = YES;
				CLANG_WARN_DIRECT_OBJC_ISA_USAGE = YES_ERROR;
				CLANG_WARN_DOCUMENTATION_COMMENTS = YES;
				CLANG_WARN_EMPTY_BODY = YES;
				CLANG_WARN_ENUM_CONVERSION = YES;
				CLANG_WARN_INFINITE_RECURSION = YES;
				CLANG_WARN_INT_CONVERSION = YES;
				CLANG_WARN_NON_LITERAL_NULL_CONVERSION = YES;
				CLANG_WARN_OBJC_IMPLICIT_RETAIN_SELF = YES;
				CLANG_WARN_OBJC_LITERAL_CONVERSION = YES;
				CLANG_WARN_OBJC_ROOT_CLASS = YES_ERROR;
				CLANG_WARN_QUOTED_INCLUDE_IN_FRAMEWORK_HEADER = YES;
				CLANG_WARN_RANGE_LOOP_ANALYSIS = YES;
				CLANG_WARN_STRICT_PROTOTYPES = YES;
				CLANG_WARN_SUSPICIOUS_MOVE = YES;
				CLANG_WARN_UNGUARDED_AVAILABILITY = YES_AGGRESSIVE;
				CLANG_WARN_UNREACHABLE_CODE = YES;
				CLANG_WARN__DUPLICATE_METHOD_MATCH = YES;
				COPY_PHASE_STRIP = NO;
				DEBUG_INFORMATION_FORMAT = "dwarf-with-dsym";
				ENABLE_NS_ASSERTIONS = NO;
				ENABLE_STRICT_OBJC_MSGSEND = YES;
				GCC_C_LANGUAGE_STANDARD = gnu11;
				GCC_NO_COMMON_BLOCKS = YES;
				GCC_WARN_64_TO_32_BIT_CONVERSION = YES;
				GCC_WARN_ABOUT_RETURN_TYPE = YES_ERROR;
				GCC_WARN_UNDECLARED_SELECTOR = YES;
				GCC_WARN_UNINITIALIZED_AUTOS = YES_AGGRESSIVE;
				GCC_WARN_UNUSED_FUNCTION = YES;
				GCC_WARN_UNUSED_VARIABLE = YES;
				IPHONEOS_DEPLOYMENT_TARGET = 16.2;
				MTL_ENABLE_DEBUG_INFO = NO;
				MTL_FAST_MATH = YES;
				SDKROOT = iphoneos;
				SWIFT_COMPILATION_MODE = wholemodule;
				SWIFT_OPTIMIZATION_LEVEL = "-O";
				VALIDATE_PRODUCT = YES;
			};
			name = Release;
		};
		632339CF2B75C04B001004EF /* Debug */ = {
			isa = XCBuildConfiguration;
			buildSettings = {
				ASSETCATALOG_COMPILER_APPICON_NAME = AppIcon;
				ASSETCATALOG_COMPILER_GLOBAL_ACCENT_COLOR_NAME = AccentColor;
				CODE_SIGN_STYLE = Automatic;
				CURRENT_PROJECT_VERSION = 1;
				DEVELOPMENT_ASSET_PATHS = "\"Scrumdinger/Preview Content\"";
				ENABLE_PREVIEWS = YES;
				GENERATE_INFOPLIST_FILE = YES;
				INFOPLIST_KEY_UIApplicationSceneManifest_Generation = YES;
				INFOPLIST_KEY_UIApplicationSupportsIndirectInputEvents = YES;
				INFOPLIST_KEY_UILaunchScreen_Generation = YES;
				INFOPLIST_KEY_UISupportedInterfaceOrientations_iPad = "UIInterfaceOrientationPortrait UIInterfaceOrientationPortraitUpsideDown UIInterfaceOrientationLandscapeLeft UIInterfaceOrientationLandscapeRight";
				INFOPLIST_KEY_UISupportedInterfaceOrientations_iPhone = "UIInterfaceOrientationPortrait UIInterfaceOrientationLandscapeLeft UIInterfaceOrientationLandscapeRight";
				LD_RUNPATH_SEARCH_PATHS = (
					"$(inherited)",
					"@executable_path/Frameworks",
				);
				MARKETING_VERSION = 1.0;
				PRODUCT_BUNDLE_IDENTIFIER = com.app.scrumdinger.Scrumdinger;
				PRODUCT_NAME = "$(TARGET_NAME)";
				SWIFT_EMIT_LOC_STRINGS = YES;
				SWIFT_VERSION = 5.0;
				TARGETED_DEVICE_FAMILY = "1,2";
			};
			name = Debug;
		};
		632339D02B75C04B001004EF /* Release */ = {
			isa = XCBuildConfiguration;
			buildSettings = {
				ASSETCATALOG_COMPILER_APPICON_NAME = AppIcon;
				ASSETCATALOG_COMPILER_GLOBAL_ACCENT_COLOR_NAME = AccentColor;
				CODE_SIGN_STYLE = Automatic;
				CURRENT_PROJECT_VERSION = 1;
				DEVELOPMENT_ASSET_PATHS = "\"Scrumdinger/Preview Content\"";
				ENABLE_PREVIEWS = YES;
				GENERATE_INFOPLIST_FILE = YES;
				INFOPLIST_KEY_UIApplicationSceneManifest_Generation = YES;
				INFOPLIST_KEY_UIApplicationSupportsIndirectInputEvents = YES;
				INFOPLIST_KEY_UILaunchScreen_Generation = YES;
				INFOPLIST_KEY_UISupportedInterfaceOrientations_iPad = "UIInterfaceOrientationPortrait UIInterfaceOrientationPortraitUpsideDown UIInterfaceOrientationLandscapeLeft UIInterfaceOrientationLandscapeRight";
				INFOPLIST_KEY_UISupportedInterfaceOrientations_iPhone = "UIInterfaceOrientationPortrait UIInterfaceOrientationLandscapeLeft UIInterfaceOrientationLandscapeRight";
				LD_RUNPATH_SEARCH_PATHS = (
					"$(inherited)",
					"@executable_path/Frameworks",
				);
				MARKETING_VERSION = 1.0;
				PRODUCT_BUNDLE_IDENTIFIER = com.app.scrumdinger.Scrumdinger;
				PRODUCT_NAME = "$(TARGET_NAME)";
				SWIFT_EMIT_LOC_STRINGS = YES;
				SWIFT_VERSION = 5.0;
				TARGETED_DEVICE_FAMILY = "1,2";
			};
			name = Release;
		};
		632339D22B75C04B001004EF /* Debug */ = {
			isa = XCBuildConfiguration;
			buildSettings = {
				ALWAYS_EMBED_SWIFT_STANDARD_LIBRARIES = YES;
				BUNDLE_LOADER = "$(TEST_HOST)";
				CODE_SIGN_STYLE = Automatic;
				CURRENT_PROJECT_VERSION = 1;
				GENERATE_INFOPLIST_FILE = YES;
				IPHONEOS_DEPLOYMENT_TARGET = 16.2;
				MARKETING_VERSION = 1.0;
				PRODUCT_BUNDLE_IDENTIFIER = com.app.scrumdinger.ScrumdingerTests;
				PRODUCT_NAME = "$(TARGET_NAME)";
				SWIFT_EMIT_LOC_STRINGS = NO;
				SWIFT_VERSION = 5.0;
				TARGETED_DEVICE_FAMILY = "1,2";
				TEST_HOST = "$(BUILT_PRODUCTS_DIR)/Scrumdinger.app/$(BUNDLE_EXECUTABLE_FOLDER_PATH)/Scrumdinger";
			};
			name = Debug;
		};
		632339D32B75C04B001004EF /* Release */ = {
			isa = XCBuildConfiguration;
			buildSettings = {
				ALWAYS_EMBED_SWIFT_STANDARD_LIBRARIES = YES;
				BUNDLE_LOADER = "$(TEST_HOST)";
				CODE_SIGN_STYLE = Automatic;
				CURRENT_PROJECT_VERSION = 1;
				GENERATE_INFOPLIST_FILE = YES;
				IPHONEOS_DEPLOYMENT_TARGET = 16.2;
				MARKETING_VERSION = 1.0;
				PRODUCT_BUNDLE_IDENTIFIER = com.app.scrumdinger.ScrumdingerTests;
				PRODUCT_NAME = "$(TARGET_NAME)";
				SWIFT_EMIT_LOC_STRINGS = NO;
				SWIFT_VERSION = 5.0;
				TARGETED_DEVICE_FAMILY = "1,2";
				TEST_HOST = "$(BUILT_PRODUCTS_DIR)/Scrumdinger.app/$(BUNDLE_EXECUTABLE_FOLDER_PATH)/Scrumdinger";
			};
			name = Release;
		};
		632339D52B75C04B001004EF /* Debug */ = {
			isa = XCBuildConfiguration;
			buildSettings = {
				ALWAYS_EMBED_SWIFT_STANDARD_LIBRARIES = YES;
				CODE_SIGN_STYLE = Automatic;
				CURRENT_PROJECT_VERSION = 1;
				GENERATE_INFOPLIST_FILE = YES;
				MARKETING_VERSION = 1.0;
				PRODUCT_BUNDLE_IDENTIFIER = com.app.scrumdinger.ScrumdingerUITests;
				PRODUCT_NAME = "$(TARGET_NAME)";
				SWIFT_EMIT_LOC_STRINGS = NO;
				SWIFT_VERSION = 5.0;
				TARGETED_DEVICE_FAMILY = "1,2";
				TEST_TARGET_NAME = Scrumdinger;
			};
			name = Debug;
		};
		632339D62B75C04B001004EF /* Release */ = {
			isa = XCBuildConfiguration;
			buildSettings = {
				ALWAYS_EMBED_SWIFT_STANDARD_LIBRARIES = YES;
				CODE_SIGN_STYLE = Automatic;
				CURRENT_PROJECT_VERSION = 1;
				GENERATE_INFOPLIST_FILE = YES;
				MARKETING_VERSION = 1.0;
				PRODUCT_BUNDLE_IDENTIFIER = com.app.scrumdinger.ScrumdingerUITests;
				PRODUCT_NAME = "$(TARGET_NAME)";
				SWIFT_EMIT_LOC_STRINGS = NO;
				SWIFT_VERSION = 5.0;
				TARGETED_DEVICE_FAMILY = "1,2";
				TEST_TARGET_NAME = Scrumdinger;
			};
			name = Release;
		};
/* End XCBuildConfiguration section */

/* Begin XCConfigurationList section */
		632339A52B75C049001004EF /* Build configuration list for PBXProject "Scrumdinger" */ = {
			isa = XCConfigurationList;
			buildConfigurations = (
				632339CC2B75C04B001004EF /* Debug */,
				632339CD2B75C04B001004EF /* Release */,
			);
			defaultConfigurationIsVisible = 0;
			defaultConfigurationName = Release;
		};
		632339CE2B75C04B001004EF /* Build configuration list for PBXNativeTarget "Scrumdinger" */ = {
			isa = XCConfigurationList;
			buildConfigurations = (
				632339CF2B75C04B001004EF /* Debug */,
				632339D02B75C04B001004EF /* Release */,
			);
			defaultConfigurationIsVisible = 0;
			defaultConfigurationName = Release;
		};
		632339D12B75C04B001004EF /* Build configuration list for PBXNativeTarget "ScrumdingerTests" */ = {
			isa = XCConfigurationList;
			buildConfigurations = (
				632339D22B75C04B001004EF /* Debug */,
				632339D32B75C04B001004EF /* Release */,
			);
			defaultConfigurationIsVisible = 0;
			defaultConfigurationName = Release;
		};
		632339D42B75C04B001004EF /* Build configuration list for PBXNativeTarget "ScrumdingerUITests" */ = {
			isa = XCConfigurationList;
			buildConfigurations = (
				632339D52B75C04B001004EF /* Debug */,
				632339D62B75C04B001004EF /* Release */,
			);
			defaultConfigurationIsVisible = 0;
			defaultConfigurationName = Release;
		};
/* End XCConfigurationList section */
	};
	rootObject = 632339A22B75C049001004EF /* Project object */;
}
